
Microsoft Visual Studio Solution File, Format Version 12.00
# Visual Studio Version 16
VisualStudioVersion = 16.0.28917.181
MinimumVisualStudioVersion = 10.0.40219.1
Project("{9A19103F-16F7-4668-BE54-9A1E7A4F7556}") = "Spells", "Spells\Spells.csproj", "{34D1441F-02F0-40C4-B5FC-66C42F8F4C5E}"
EndProject
Global
	GlobalSection(SolutionConfigurationPlatforms) = preSolution
		Debug|Any CPU = Debug|Any CPU
		Release|Any CPU = Release|Any CPU
	EndGlobalSection
	GlobalSection(ProjectConfigurationPlatforms) = postSolution
		{34D1441F-02F0-40C4-B5FC-66C42F8F4C5E}.Debug|Any CPU.ActiveCfg = Debug|Any CPU
		{34D1441F-02F0-40C4-B5FC-66C42F8F4C5E}.Debug|Any CPU.Build.0 = Debug|Any CPU
		{34D1441F-02F0-40C4-B5FC-66C42F8F4C5E}.Release|Any CPU.ActiveCfg = Release|Any CPU
		{34D1441F-02F0-40C4-B5FC-66C42F8F4C5E}.Release|Any CPU.Build.0 = Release|Any CPU
	EndGlobalSection
	GlobalSection(SolutionProperties) = preSolution
		HideSolutionNode = FALSE
	EndGlobalSection
	GlobalSection(ExtensibilityGlobals) = postSolution
		SolutionGuid = {DA404D87-974A-49A4-9511-3903F05B0AE2}
	EndGlobalSection
EndGlobal
